
Microsoft Visual Studio Solution File, Format Version 12.00
# Visual Studio Version 17
VisualStudioVersion = 17.2.32519.379
MinimumVisualStudioVersion = 10.0.40219.1
Project("{FAE04EC0-301F-11D3-BF4B-00C04F79EFBC}") = "CapsLock Randomizer - winform", "CapsLock Randomizer - winform\CapsLock Randomizer - winform.csproj", "{3440CE00-E10D-4A74-B47D-29EAE67C754D}"
EndProject
Global
	GlobalSection(SolutionConfigurationPlatforms) = preSolution
		Debug|Any CPU = Debug|Any CPU
		Release|Any CPU = Release|Any CPU
	EndGlobalSection
	GlobalSection(ProjectConfigurationPlatforms) = postSolution
		{3440CE00-E10D-4A74-B47D-29EAE67C754D}.Debug|Any CPU.ActiveCfg = Debug|Any CPU
		{3440CE00-E10D-4A74-B47D-29EAE67C754D}.Debug|Any CPU.Build.0 = Debug|Any CPU
		{3440CE00-E10D-4A74-B47D-29EAE67C754D}.Release|Any CPU.ActiveCfg = Release|Any CPU
		{3440CE00-E10D-4A74-B47D-29EAE67C754D}.Release|Any CPU.Build.0 = Release|Any CPU
	EndGlobalSection
	GlobalSection(SolutionProperties) = preSolution
		HideSolutionNode = FALSE
	EndGlobalSection
	GlobalSection(ExtensibilityGlobals) = postSolution
		SolutionGuid = {5695CD0C-5BB1-4533-AC79-4AB0789AEE3F}
	EndGlobalSection
EndGlobal
